
Microsoft Visual Studio Solution File, Format Version 12.00
# Visual Studio Version 17
VisualStudioVersion = 17.10.34916.146
MinimumVisualStudioVersion = 10.0.40219.1
Project("{FAE04EC0-301F-11D3-BF4B-00C04F79EFBC}") = "MeoUpo", "MeoUpo\MeoUpo.csproj", "{2213894F-F3C7-4EB7-B522-648F35315EA8}"
EndProject
Global
	GlobalSection(SolutionConfigurationPlatforms) = preSolution
		Debug|Any CPU = Debug|Any CPU
		Release|Any CPU = Release|Any CPU
	EndGlobalSection
	GlobalSection(ProjectConfigurationPlatforms) = postSolution
		{2213894F-F3C7-4EB7-B522-648F35315EA8}.Debug|Any CPU.ActiveCfg = Debug|Any CPU
		{2213894F-F3C7-4EB7-B522-648F35315EA8}.Debug|Any CPU.Build.0 = Debug|Any CPU
		{2213894F-F3C7-4EB7-B522-648F35315EA8}.Release|Any CPU.ActiveCfg = Release|Any CPU
		{2213894F-F3C7-4EB7-B522-648F35315EA8}.Release|Any CPU.Build.0 = Release|Any CPU
	EndGlobalSection
	GlobalSection(SolutionProperties) = preSolution
		HideSolutionNode = FALSE
	EndGlobalSection
	GlobalSection(ExtensibilityGlobals) = postSolution
		SolutionGuid = {631CECAE-ECD0-4A82-BCD6-C140776C6A77}
	EndGlobalSection
EndGlobal
